
Microsoft Visual Studio Solution File, Format Version 12.00
# Visual Studio Version 17
VisualStudioVersion = 17.3.32901.215
MinimumVisualStudioVersion = 10.0.40219.1
Project("{FAE04EC0-301F-11D3-BF4B-00C04F79EFBC}") = "EmberekOOP", "EmberekOOP\EmberekOOP.csproj", "{C95E52AD-A9AD-4331-879B-0DDF1DA1EB89}"
EndProject
Global
	GlobalSection(SolutionConfigurationPlatforms) = preSolution
		Debug|Any CPU = Debug|Any CPU
		Release|Any CPU = Release|Any CPU
	EndGlobalSection
	GlobalSection(ProjectConfigurationPlatforms) = postSolution
		{C95E52AD-A9AD-4331-879B-0DDF1DA1EB89}.Debug|Any CPU.ActiveCfg = Debug|Any CPU
		{C95E52AD-A9AD-4331-879B-0DDF1DA1EB89}.Debug|Any CPU.Build.0 = Debug|Any CPU
		{C95E52AD-A9AD-4331-879B-0DDF1DA1EB89}.Release|Any CPU.ActiveCfg = Release|Any CPU
		{C95E52AD-A9AD-4331-879B-0DDF1DA1EB89}.Release|Any CPU.Build.0 = Release|Any CPU
	EndGlobalSection
	GlobalSection(SolutionProperties) = preSolution
		HideSolutionNode = FALSE
	EndGlobalSection
	GlobalSection(ExtensibilityGlobals) = postSolution
		SolutionGuid = {6009FB5C-8BF5-4D1B-9D65-A64F10032A10}
	EndGlobalSection
EndGlobal
